
Microsoft Visual Studio Solution File, Format Version 12.00
# Visual Studio 15
VisualStudioVersion = 15.0.28307.572
MinimumVisualStudioVersion = 10.0.40219.1
Project("{FAE04EC0-301F-11D3-BF4B-00C04F79EFBC}") = "Lab1-HoidFansite", "Lab1-HoidFansite\Lab1-HoidFansite.csproj", "{0AC9B94D-D6EE-4294-A47B-8E5481D23757}"
EndProject
Global
	GlobalSection(SolutionConfigurationPlatforms) = preSolution
		Debug|Any CPU = Debug|Any CPU
		Release|Any CPU = Release|Any CPU
	EndGlobalSection
	GlobalSection(ProjectConfigurationPlatforms) = postSolution
		{0AC9B94D-D6EE-4294-A47B-8E5481D23757}.Debug|Any CPU.ActiveCfg = Debug|Any CPU
		{0AC9B94D-D6EE-4294-A47B-8E5481D23757}.Debug|Any CPU.Build.0 = Debug|Any CPU
		{0AC9B94D-D6EE-4294-A47B-8E5481D23757}.Release|Any CPU.ActiveCfg = Release|Any CPU
		{0AC9B94D-D6EE-4294-A47B-8E5481D23757}.Release|Any CPU.Build.0 = Release|Any CPU
	EndGlobalSection
	GlobalSection(SolutionProperties) = preSolution
		HideSolutionNode = FALSE
	EndGlobalSection
	GlobalSection(ExtensibilityGlobals) = postSolution
		SolutionGuid = {C6001A0B-58D5-43FD-8698-E619E37246DB}
	EndGlobalSection
EndGlobal
